// !$*UTF8*$!
{
	archiveVersion = 1;
	classes = {
	};
	objectVersion = 56;
	objects = {

/* Begin PBXBuildFile section */
		BF500EAD28E41DD200641F7E /* AppDelegate.swift in Sources */ = {isa = PBXBuildFile; fileRef = BF500EAC28E41DD200641F7E /* AppDelegate.swift */; };
		BF500EAF28E41DD200641F7E /* SceneDelegate.swift in Sources */ = {isa = PBXBuildFile; fileRef = BF500EAE28E41DD200641F7E /* SceneDelegate.swift */; };
		BF500EB128E41DD300641F7E /* ViewController.swift in Sources */ = {isa = PBXBuildFile; fileRef = BF500EB028E41DD300641F7E /* ViewController.swift */; };
		BF500EB428E41DD300641F7E /* Main.storyboard in Resources */ = {isa = PBXBuildFile; fileRef = BF500EB228E41DD300641F7E /* Main.storyboard */; };
		BF500EB628E41DD500641F7E /* Assets.xcassets in Resources */ = {isa = PBXBuildFile; fileRef = BF500EB528E41DD500641F7E /* Assets.xcassets */; };
		BF500EB928E41DD500641F7E /* LaunchScreen.storyboard in Resources */ = {isa = PBXBuildFile; fileRef = BF500EB728E41DD500641F7E /* LaunchScreen.storyboard */; };
		BFE87DD128E5426700C9BB3B /* firstPage.swift in Sources */ = {isa = PBXBuildFile; fileRef = BFE87DD028E5426700C9BB3B /* firstPage.swift */; };
		BFE87DD328E56B7100C9BB3B /* result.swift in Sources */ = {isa = PBXBuildFile; fileRef = BFE87DD228E56B7100C9BB3B /* result.swift */; };
		BFE87DD528E56FB500C9BB3B /* resultList.swift in Sources */ = {isa = PBXBuildFile; fileRef = BFE87DD428E56FB500C9BB3B /* resultList.swift */; };
/* End PBXBuildFile section */

/* Begin PBXFileReference section */
		BF500EA928E41DD200641F7E /* math quiz.app */ = {isa = PBXFileReference; explicitFileType = wrapper.application; includeInIndex = 0; path = "math quiz.app"; sourceTree = BUILT_PRODUCTS_DIR; };
		BF500EAC28E41DD200641F7E /* AppDelegate.swift */ = {isa = PBXFileReference; lastKnownFileType = sourcecode.swift; path = AppDelegate.swift; sourceTree = "<group>"; };
		BF500EAE28E41DD200641F7E /* SceneDelegate.swift */ = {isa = PBXFileReference; lastKnownFileType = sourcecode.swift; path = SceneDelegate.swift; sourceTree = "<group>"; };
		BF500EB028E41DD300641F7E /* ViewController.swift */ = {isa = PBXFileReference; lastKnownFileType = sourcecode.swift; path = ViewController.swift; sourceTree = "<group>"; };
		BF500EB328E41DD300641F7E /* Base */ = {isa = PBXFileReference; lastKnownFileType = file.storyboard; name = Base; path = Base.lproj/Main.storyboard; sourceTree = "<group>"; };
		BF500EB528E41DD500641F7E /* Assets.xcassets */ = {isa = PBXFileReference; lastKnownFileType = folder.assetcatalog; path = Assets.xcassets; sourceTree = "<group>"; };
		BF500EB828E41DD500641F7E /* Base */ = {isa = PBXFileReference; lastKnownFileType = file.storyboard; name = Base; path = Base.lproj/LaunchScreen.storyboard; sourceTree = "<group>"; };
		BF500EBA28E41DD500641F7E /* Info.plist */ = {isa = PBXFileReference; lastKnownFileType = text.plist.xml; path = Info.plist; sourceTree = "<group>"; };
		BFE87DD028E5426700C9BB3B /* firstPage.swift */ = {isa = PBXFileReference; lastKnownFileType = sourcecode.swift; path = firstPage.swift; sourceTree = "<group>"; };
		BFE87DD228E56B7100C9BB3B /* result.swift */ = {isa = PBXFileReference; lastKnownFileType = sourcecode.swift; path = result.swift; sourceTree = "<group>"; };
		BFE87DD428E56FB500C9BB3B /* resultList.swift */ = {isa = PBXFileReference; lastKnownFileType = sourcecode.swift; name = resultList.swift; path = ../resultList.swift; sourceTree = "<group>"; };
/* End PBXFileReference section */

/* Begin PBXFrameworksBuildPhase section */
		BF500EA628E41DD200641F7E /* Frameworks */ = {
			isa = PBXFrameworksBuildPhase;
			buildActionMask = 2147483647;
			files = (
			);
			runOnlyForDeploymentPostprocessing = 0;
		};
/* End PBXFrameworksBuildPhase section */

/* Begin PBXGroup section */
		BF500EA028E41DD200641F7E = {
			isa = PBXGroup;
			children = (
				BF500EAB28E41DD200641F7E /* math quiz */,
				BF500EAA28E41DD200641F7E /* Products */,
			);
			sourceTree = "<group>";
		};
		BF500EAA28E41DD200641F7E /* Products */ = {
			isa = PBXGroup;
			children = (
				BF500EA928E41DD200641F7E /* math quiz.app */,
			);
			name = Products;
			sourceTree = "<group>";
		};
		BF500EAB28E41DD200641F7E /* math quiz */ = {
			isa = PBXGroup;
			children = (
				BF500EAC28E41DD200641F7E /* AppDelegate.swift */,
				BF500EAE28E41DD200641F7E /* SceneDelegate.swift */,
				BF500EB028E41DD300641F7E /* ViewController.swift */,
				BF500EB228E41DD300641F7E /* Main.storyboard */,
				BFE87DD228E56B7100C9BB3B /* result.swift */,
				BFE87DD428E56FB500C9BB3B /* resultList.swift */,
				BF500EB528E41DD500641F7E /* Assets.xcassets */,
				BFE87DD028E5426700C9BB3B /* firstPage.swift */,
				BF500EB728E41DD500641F7E /* LaunchScreen.storyboard */,
				BF500EBA28E41DD500641F7E /* Info.plist */,
			);
			path = "math quiz";
			sourceTree = "<group>";
		};
/* End PBXGroup section */

/* Begin PBXNativeTarget section */
		BF500EA828E41DD200641F7E /* math quiz */ = {
			isa = PBXNativeTarget;
			buildConfigurationList = BF500EBD28E41DD500641F7E /* Build configuration list for PBXNativeTarget "math quiz" */;
			buildPhases = (
				BF500EA528E41DD200641F7E /* Sources */,
				BF500EA628E41DD200641F7E /* Frameworks */,
				BF500EA728E41DD200641F7E /* Resources */,
			);
			buildRules = (
			);
			dependencies = (
			);
			name = "math quiz";
			productName = "math quiz";
			productReference = BF500EA928E41DD200641F7E /* math quiz.app */;
			productType = "com.apple.product-type.application";
		};
/* End PBXNativeTarget section */

/* Begin PBXProject section */
		BF500EA128E41DD200641F7E /* Project object */ = {
			isa = PBXProject;
			attributes = {
				BuildIndependentTargetsInParallel = 1;
				LastSwiftUpdateCheck = 1400;
				LastUpgradeCheck = 1400;
				TargetAttributes = {
					BF500EA828E41DD200641F7E = {
						CreatedOnToolsVersion = 14.0.1;
					};
				};
			};
			buildConfigurationList = BF500EA428E41DD200641F7E /* Build configuration list for PBXProject "math quiz" */;
			compatibilityVersion = "Xcode 14.0";
			developmentRegion = en;
			hasScannedForEncodings = 0;
			knownRegions = (
				en,
				Base,
			);
			mainGroup = BF500EA028E41DD200641F7E;
			productRefGroup = BF500EAA28E41DD200641F7E /* Products */;
			projectDirPath = "";
			projectRoot = "";
			targets = (
				BF500EA828E41DD200641F7E /* math quiz */,
			);
		};
/* End PBXProject section */

/* Begin PBXResourcesBuildPhase section */
		BF500EA728E41DD200641F7E /* Resources */ = {
			isa = PBXResourcesBuildPhase;
			buildActionMask = 2147483647;
			files = (
				BF500EB928E41DD500641F7E /* LaunchScreen.storyboard in Resources */,
				BF500EB628E41DD500641F7E /* Assets.xcassets in Resources */,
				BF500EB428E41DD300641F7E /* Main.storyboard in Resources */,
			);
			runOnlyForDeploymentPostprocessing = 0;
		};
/* End PBXResourcesBuildPhase section */

/* Begin PBXSourcesBuildPhase section */
		BF500EA528E41DD200641F7E /* Sources */ = {
			isa = PBXSourcesBuildPhase;
			buildActionMask = 2147483647;
			files = (
				BF500EB128E41DD300641F7E /* ViewController.swift in Sources */,
				BF500EAD28E41DD200641F7E /* AppDelegate.swift in Sources */,
				BFE87DD328E56B7100C9BB3B /* result.swift in Sources */,
				BF500EAF28E41DD200641F7E /* SceneDelegate.swift in Sources */,
				BFE87DD528E56FB500C9BB3B /* resultList.swift in Sources */,
				BFE87DD128E5426700C9BB3B /* firstPage.swift in Sources */,
			);
			runOnlyForDeploymentPostprocessing = 0;
		};
/* End PBXSourcesBuildPhase section */

/* Begin PBXVariantGroup section */
		BF500EB228E41DD300641F7E /* Main.storyboard */ = {
			isa = PBXVariantGroup;
			children = (
				BF500EB328E41DD300641F7E /* Base */,
			);
			name = Main.storyboard;
			sourceTree = "<group>";
		};
		BF500EB728E41DD500641F7E /* LaunchScreen.storyboard */ = {
			isa = PBXVariantGroup;
			children = (
				BF500EB828E41DD500641F7E /* Base */,
			);
			name = LaunchScreen.storyboard;
			sourceTree = "<group>";
		};
/* End PBXVariantGroup section */

/* Begin XCBuildConfiguration section */
		BF500EBB28E41DD500641F7E /* Debug */ = {
			isa = XCBuildConfiguration;
			buildSettings = {
				ALWAYS_SEARCH_USER_PATHS = NO;
				CLANG_ANALYZER_NONNULL = YES;
				CLANG_ANALYZER_NUMBER_OBJECT_CONVERSION = YES_AGGRESSIVE;
				CLANG_CXX_LANGUAGE_STANDARD = "gnu++20";
				CLANG_ENABLE_MODULES = YES;
				CLANG_ENABLE_OBJC_ARC = YES;
				CLANG_ENABLE_OBJC_WEAK = YES;
				CLANG_WARN_BLOCK_CAPTURE_AUTORELEASING = YES;
				CLANG_WARN_BOOL_CONVERSION = YES;
				CLANG_WARN_COMMA = YES;
				CLANG_WARN_CONSTANT_CONVERSION = YES;
				CLANG_WARN_DEPRECATED_OBJC_IMPLEMENTATIONS = YES;
				CLANG_WARN_DIRECT_OBJC_ISA_USAGE = YES_ERROR;
				CLANG_WARN_DOCUMENTATION_COMMENTS = YES;
				CLANG_WARN_EMPTY_BODY = YES;
				CLANG_WARN_ENUM_CONVERSION = YES;
				CLANG_WARN_INFINITE_RECURSION = YES;
				CLANG_WARN_INT_CONVERSION = YES;
				CLANG_WARN_NON_LITERAL_NULL_CONVERSION = YES;
				CLANG_WARN_OBJC_IMPLICIT_RETAIN_SELF = YES;
				CLANG_WARN_OBJC_LITERAL_CONVERSION = YES;
				CLANG_WARN_OBJC_ROOT_CLASS = YES_ERROR;
				CLANG_WARN_QUOTED_INCLUDE_IN_FRAMEWORK_HEADER = YES;
				CLANG_WARN_RANGE_LOOP_ANALYSIS = YES;
				CLANG_WARN_STRICT_PROTOTYPES = YES;
				CLANG_WARN_SUSPICIOUS_MOVE = YES;
				CLANG_WARN_UNGUARDED_AVAILABILITY = YES_AGGRESSIVE;
				CLANG_WARN_UNREACHABLE_CODE = YES;
				CLANG_WARN__DUPLICATE_METHOD_MATCH = YES;
				COPY_PHASE_STRIP = NO;
				DEBUG_INFORMATION_FORMAT = dwarf;
				ENABLE_STRICT_OBJC_MSGSEND = YES;
				ENABLE_TESTABILITY = YES;
				GCC_C_LANGUAGE_STANDARD = gnu11;
				GCC_DYNAMIC_NO_PIC = NO;
				GCC_NO_COMMON_BLOCKS = YES;
				GCC_OPTIMIZATION_LEVEL = 0;
				GCC_PREPROCESSOR_DEFINITIONS = (
					"DEBUG=1",
					"$(inherited)",
				);
				GCC_WARN_64_TO_32_BIT_CONVERSION = YES;
				GCC_WARN_ABOUT_RETURN_TYPE = YES_ERROR;
				GCC_WARN_UNDECLARED_SELECTOR = YES;
				GCC_WARN_UNINITIALIZED_AUTOS = YES_AGGRESSIVE;
				GCC_WARN_UNUSED_FUNCTION = YES;
				GCC_WARN_UNUSED_VARIABLE = YES;
				IPHONEOS_DEPLOYMENT_TARGET = 16.0;
				MTL_ENABLE_DEBUG_INFO = INCLUDE_SOURCE;
				MTL_FAST_MATH = YES;
				ONLY_ACTIVE_ARCH = YES;
				SDKROOT = iphoneos;
				SWIFT_ACTIVE_COMPILATION_CONDITIONS = DEBUG;
				SWIFT_OPTIMIZATION_LEVEL = "-Onone";
			};
			name = Debug;
		};
		BF500EBC28E41DD500641F7E /* Release */ = {
			isa = XCBuildConfiguration;
			buildSettings = {
				ALWAYS_SEARCH_USER_PATHS = NO;
				CLANG_ANALYZER_NONNULL = YES;
				CLANG_ANALYZER_NUMBER_OBJECT_CONVERSION = YES_AGGRESSIVE;
				CLANG_CXX_LANGUAGE_STANDARD = "gnu++20";
				CLANG_ENABLE_MODULES = YES;
				CLANG_ENABLE_OBJC_ARC = YES;
				CLANG_ENABLE_OBJC_WEAK = YES;
				CLANG_WARN_BLOCK_CAPTURE_AUTORELEASING = YES;
				CLANG_WARN_BOOL_CONVERSION = YES;
				CLANG_WARN_COMMA = YES;
				CLANG_WARN_CONSTANT_CONVERSION = YES;
				CLANG_WARN_DEPRECATED_OBJC_IMPLEMENTATIONS = YES;
				CLANG_WARN_DIRECT_OBJC_ISA_USAGE = YES_ERROR;
				CLANG_WARN_DOCUMENTATION_COMMENTS = YES;
				CLANG_WARN_EMPTY_BODY = YES;
				CLANG_WARN_ENUM_CONVERSION = YES;
				CLANG_WARN_INFINITE_RECURSION = YES;
				CLANG_WARN_INT_CONVERSION = YES;
				CLANG_WARN_NON_LITERAL_NULL_CONVERSION = YES;
				CLANG_WARN_OBJC_IMPLICIT_RETAIN_SELF = YES;
				CLANG_WARN_OBJC_LITERAL_CONVERSION = YES;
				CLANG_WARN_OBJC_ROOT_CLASS = YES_ERROR;
				CLANG_WARN_QUOTED_INCLUDE_IN_FRAMEWORK_HEADER = YES;
				CLANG_WARN_RANGE_LOOP_ANALYSIS = YES;
				CLANG_WARN_STRICT_PROTOTYPES = YES;
				CLANG_WARN_SUSPICIOUS_MOVE = YES;
				CLANG_WARN_UNGUARDED_AVAILABILITY = YES_AGGRESSIVE;
				CLANG_WARN_UNREACHABLE_CODE = YES;
				CLANG_WARN__DUPLICATE_METHOD_MATCH = YES;
				COPY_PHASE_STRIP = NO;
				DEBUG_INFORMATION_FORMAT = "dwarf-with-dsym";
				ENABLE_NS_ASSERTIONS = NO;
				ENABLE_STRICT_OBJC_MSGSEND = YES;
				GCC_C_LANGUAGE_STANDARD = gnu11;
				GCC_NO_COMMON_BLOCKS = YES;
				GCC_WARN_64_TO_32_BIT_CONVERSION = YES;
				GCC_WARN_ABOUT_RETURN_TYPE = YES_ERROR;
				GCC_WARN_UNDECLARED_SELECTOR = YES;
				GCC_WARN_UNINITIALIZED_AUTOS = YES_AGGRESSIVE;
				GCC_WARN_UNUSED_FUNCTION = YES;
				GCC_WARN_UNUSED_VARIABLE = YES;
				IPHONEOS_DEPLOYMENT_TARGET = 16.0;
				MTL_ENABLE_DEBUG_INFO = NO;
				MTL_FAST_MATH = YES;
				SDKROOT = iphoneos;
				SWIFT_COMPILATION_MODE = wholemodule;
				SWIFT_OPTIMIZATION_LEVEL = "-O";
				VALIDATE_PRODUCT = YES;
			};
			name = Release;
		};
		BF500EBE28E41DD500641F7E /* Debug */ = {
			isa = XCBuildConfiguration;
			buildSettings = {
				ASSETCATALOG_COMPILER_APPICON_NAME = AppIcon;
				ASSETCATALOG_COMPILER_GLOBAL_ACCENT_COLOR_NAME = AccentColor;
				CODE_SIGN_STYLE = Automatic;
				CURRENT_PROJECT_VERSION = 1;
				DEVELOPMENT_TEAM = "";
				GENERATE_INFOPLIST_FILE = YES;
				INFOPLIST_FILE = "math quiz/Info.plist";
				INFOPLIST_KEY_UIApplicationSupportsIndirectInputEvents = YES;
				INFOPLIST_KEY_UILaunchStoryboardName = LaunchScreen;
				INFOPLIST_KEY_UIMainStoryboardFile = Main;
				INFOPLIST_KEY_UISupportedInterfaceOrientations_iPad = "UIInterfaceOrientationPortrait UIInterfaceOrientationPortraitUpsideDown UIInterfaceOrientationLandscapeLeft UIInterfaceOrientationLandscapeRight";
				INFOPLIST_KEY_UISupportedInterfaceOrientations_iPhone = "UIInterfaceOrientationPortrait UIInterfaceOrientationLandscapeLeft UIInterfaceOrientationLandscapeRight";
				LD_RUNPATH_SEARCH_PATHS = (
					"$(inherited)",
					"@executable_path/Frameworks",
				);
				MARKETING_VERSION = 1.0;
				PRODUCT_BUNDLE_IDENTIFIER = "JK.math-quiz";
				PRODUCT_NAME = "$(TARGET_NAME)";
				SWIFT_EMIT_LOC_STRINGS = YES;
				SWIFT_VERSION = 5.0;
				TARGETED_DEVICE_FAMILY = "1,2";
			};
			name = Debug;
		};
		BF500EBF28E41DD500641F7E /* Release */ = {
			isa = XCBuildConfiguration;
			buildSettings = {
				ASSETCATALOG_COMPILER_APPICON_NAME = AppIcon;
				ASSETCATALOG_COMPILER_GLOBAL_ACCENT_COLOR_NAME = AccentColor;
				CODE_SIGN_STYLE = Automatic;
				CURRENT_PROJECT_VERSION = 1;
				DEVELOPMENT_TEAM = "";
				GENERATE_INFOPLIST_FILE = YES;
				INFOPLIST_FILE = "math quiz/Info.plist";
				INFOPLIST_KEY_UIApplicationSupportsIndirectInputEvents = YES;
				INFOPLIST_KEY_UILaunchStoryboardName = LaunchScreen;
				INFOPLIST_KEY_UIMainStoryboardFile = Main;
				INFOPLIST_KEY_UISupportedInterfaceOrientations_iPad = "UIInterfaceOrientationPortrait UIInterfaceOrientationPortraitUpsideDown UIInterfaceOrientationLandscapeLeft UIInterfaceOrientationLandscapeRight";
				INFOPLIST_KEY_UISupportedInterfaceOrientations_iPhone = "UIInterfaceOrientationPortrait UIInterfaceOrientationLandscapeLeft UIInterfaceOrientationLandscapeRight";
				LD_RUNPATH_SEARCH_PATHS = (
					"$(inherited)",
					"@executable_path/Frameworks",
				);
				MARKETING_VERSION = 1.0;
				PRODUCT_BUNDLE_IDENTIFIER = "JK.math-quiz";
				PRODUCT_NAME = "$(TARGET_NAME)";
				SWIFT_EMIT_LOC_STRINGS = YES;
				SWIFT_VERSION = 5.0;
				TARGETED_DEVICE_FAMILY = "1,2";
			};
			name = Release;
		};
/* End XCBuildConfiguration section */

/* Begin XCConfigurationList section */
		BF500EA428E41DD200641F7E /* Build configuration list for PBXProject "math quiz" */ = {
			isa = XCConfigurationList;
			buildConfigurations = (
				BF500EBB28E41DD500641F7E /* Debug */,
				BF500EBC28E41DD500641F7E /* Release */,
			);
			defaultConfigurationIsVisible = 0;
			defaultConfigurationName = Release;
		};
		BF500EBD28E41DD500641F7E /* Build configuration list for PBXNativeTarget "math quiz" */ = {
			isa = XCConfigurationList;
			buildConfigurations = (
				BF500EBE28E41DD500641F7E /* Debug */,
				BF500EBF28E41DD500641F7E /* Release */,
			);
			defaultConfigurationIsVisible = 0;
			defaultConfigurationName = Release;
		};
/* End XCConfigurationList section */
	};
	rootObject = BF500EA128E41DD200641F7E /* Project object */;
}
